
Microsoft Visual Studio Solution File, Format Version 12.00
# Visual Studio 15
VisualStudioVersion = 15.0.27004.2005
MinimumVisualStudioVersion = 10.0.40219.1
Project("{FAE04EC0-301F-11D3-BF4B-00C04F79EFBC}") = "ConsoleOop", "ConsoleOop\ConsoleOop.csproj", "{D6F5842C-4B5F-4DFE-9385-C85EE006E1FB}"
EndProject
Global
	GlobalSection(SolutionConfigurationPlatforms) = preSolution
		Debug|Any CPU = Debug|Any CPU
		Release|Any CPU = Release|Any CPU
	EndGlobalSection
	GlobalSection(ProjectConfigurationPlatforms) = postSolution
		{D6F5842C-4B5F-4DFE-9385-C85EE006E1FB}.Debug|Any CPU.ActiveCfg = Debug|Any CPU
		{D6F5842C-4B5F-4DFE-9385-C85EE006E1FB}.Debug|Any CPU.Build.0 = Debug|Any CPU
		{D6F5842C-4B5F-4DFE-9385-C85EE006E1FB}.Release|Any CPU.ActiveCfg = Release|Any CPU
		{D6F5842C-4B5F-4DFE-9385-C85EE006E1FB}.Release|Any CPU.Build.0 = Release|Any CPU
	EndGlobalSection
	GlobalSection(SolutionProperties) = preSolution
		HideSolutionNode = FALSE
	EndGlobalSection
	GlobalSection(ExtensibilityGlobals) = postSolution
		SolutionGuid = {7639112D-A270-4461-9CE8-E74A9F66F3CC}
	EndGlobalSection
EndGlobal
